<?xml version="1.0" encoding="utf-8"?>
<Project ToolsVersion="4.0" xmlns="http://schemas.microsoft.com/developer/msbuild/2003">
  <ItemGroup>
    <Filter Include="源文件">
      <UniqueIdentifier>{4FC737F1-C7A5-4376-A066-2A32D752A2FF}</UniqueIdentifier>
      <Extensions>cpp;c;cc;cxx;c++;cppm;ixx;def;odl;idl;hpj;bat;asm;asmx</Extensions>
    </Filter>
    <Filter Include="头文件">
      <UniqueIdentifier>{93995380-89BD-4b04-88EB-625FBE52EBFB}</UniqueIdentifier>
      <Extensions>h;hh;hpp;hxx;h++;hm;inl;inc;ipp;xsd</Extensions>
    </Filter>
    <Filter Include="资源文件">
      <UniqueIdentifier>{67DA6AB6-F800-4c08-8B7A-83BB121AAD01}</UniqueIdentifier>
      <Extensions>rc;ico;cur;bmp;dlg;rc2;rct;bin;rgs;gif;jpg;jpeg;jpe;resx;tiff;tif;png;wav;mfcribbon-ms</Extensions>
    </Filter>
    <Filter Include="源文件\DXUT">
      <UniqueIdentifier>{8adbdb99-06f5-40a3-9107-f4171cd9a677}</UniqueIdentifier>
    </Filter>
    <Filter Include="源文件\DXUT\Core">
      <UniqueIdentifier>{6533c1d4-f5f1-4a4e-bc1e-fe3b4ad1d746}</UniqueIdentifier>
    </Filter>
    <Filter Include="源文件\DXUT\Optional">
      <UniqueIdentifier>{fcaf1389-a8a4-42a4-bd87-2d47af06adef}</UniqueIdentifier>
    </Filter>
    <Filter Include="头文件\DXUT">
      <UniqueIdentifier>{f7e9b664-fe4d-418a-a477-63e433a72591}</UniqueIdentifier>
    </Filter>
    <Filter Include="头文件\DXUT\Core">
      <UniqueIdentifier>{34e4b236-0129-4fc9-8b30-f5d38530cb81}</UniqueIdentifier>
    </Filter>
    <Filter Include="头文件\DXUT\Optional">
      <UniqueIdentifier>{f2cc7435-258d-497e-96ee-612c75c87590}</UniqueIdentifier>
    </Filter>
  </ItemGroup>
  <ItemGroup>
    <ClCompile Include="GameTimer.cpp">
      <Filter>源文件</Filter>
    </ClCompile>
    <ClCompile Include="D3DApp.cpp">
      <Filter>源文件</Filter>
    </ClCompile>
    <ClCompile Include="D3DUtil.cpp">
      <Filter>源文件</Filter>
    </ClCompile>
    <ClCompile Include="DXTrace.cpp">
      <Filter>源文件</Filter>
    </ClCompile>
    <ClCompile Include="Shader.cpp">
      <Filter>源文件</Filter>
    </ClCompile>
    <ClCompile Include="Renderer.cpp">
      <Filter>源文件</Filter>
    </ClCompile>
    <ClCompile Include="includes\VertexLayoutCommon.cpp">
      <Filter>源文件</Filter>
    </ClCompile>
    <ClCompile Include="DDSTextureLoader.cpp">
      <Filter>源文件</Filter>
    </ClCompile>
    <ClCompile Include="WICTextureLoader.cpp">
      <Filter>源文件</Filter>
    </ClCompile>
    <ClCompile Include="RenderTexture.cpp">
      <Filter>源文件</Filter>
    </ClCompile>
    <ClCompile Include="Texture2D.cpp">
      <Filter>源文件</Filter>
    </ClCompile>
    <ClCompile Include="Keyboard.cpp">
      <Filter>源文件</Filter>
    </ClCompile>
    <ClCompile Include="Mouse.cpp">
      <Filter>源文件</Filter>
    </ClCompile>
    <ClCompile Include="Input.cpp">
      <Filter>源文件</Filter>
    </ClCompile>
    <ClCompile Include="DXUT\Core\DXUT.cpp">
      <Filter>源文件\DXUT\Core</Filter>
    </ClCompile>
    <ClCompile Include="DXUT\Core\DXUTmisc.cpp">
      <Filter>源文件\DXUT\Core</Filter>
    </ClCompile>
    <ClCompile Include="DXUT\Core\ScreenGrab.cpp">
      <Filter>源文件\DXUT\Core</Filter>
    </ClCompile>
    <ClCompile Include="DXUT\Core\dxerr.cpp">
      <Filter>源文件\DXUT\Core</Filter>
    </ClCompile>
    <ClCompile Include="DXUT\Core\DXUTDevice11.cpp">
      <Filter>源文件\DXUT\Core</Filter>
    </ClCompile>
  </ItemGroup>
  <ItemGroup>
    <ClInclude Include="includes\DXTrace.h">
      <Filter>头文件</Filter>
    </ClInclude>
    <ClInclude Include="includes\GameTimer.h">
      <Filter>头文件</Filter>
    </ClInclude>
    <ClInclude Include="includes\D3DApp.h">
      <Filter>头文件</Filter>
    </ClInclude>
    <ClInclude Include="includes\D3DUtil.h">
      <Filter>头文件</Filter>
    </ClInclude>
    <ClInclude Include="includes\Macros.h">
      <Filter>头文件</Filter>
    </ClInclude>
    <ClInclude Include="includes\Shader.h">
      <Filter>头文件</Filter>
    </ClInclude>
    <ClInclude Include="includes\Common.h">
      <Filter>头文件</Filter>
    </ClInclude>
    <ClInclude Include="includes\ConstantBuffer.h">
      <Filter>头文件</Filter>
    </ClInclude>
    <ClInclude Include="includes\Renderer.h">
      <Filter>头文件</Filter>
    </ClInclude>
    <ClInclude Include="includes\ConstantBufferObjectCommon.h">
      <Filter>头文件</Filter>
    </ClInclude>
    <ClInclude Include="includes\VertexLayoutCommon.h">
      <Filter>头文件</Filter>
    </ClInclude>
    <ClInclude Include="includes\DDSTextureLoader.h">
      <Filter>头文件</Filter>
    </ClInclude>
    <ClInclude Include="includes\WICTextureLoader.h">
      <Filter>头文件</Filter>
    </ClInclude>
    <ClInclude Include="includes\SamplerState.h">
      <Filter>头文件</Filter>
    </ClInclude>
    <ClInclude Include="includes\Texture.h">
      <Filter>头文件</Filter>
    </ClInclude>
    <ClInclude Include="includes\TextureView.h">
      <Filter>头文件</Filter>
    </ClInclude>
    <ClInclude Include="includes\RenderTexture.h">
      <Filter>头文件</Filter>
    </ClInclude>
    <ClInclude Include="includes\Texture2D.h">
      <Filter>头文件</Filter>
    </ClInclude>
    <ClInclude Include="includes\Keyboard.h">
      <Filter>头文件</Filter>
    </ClInclude>
    <ClInclude Include="includes\Mouse.h">
      <Filter>头文件</Filter>
    </ClInclude>
    <ClInclude Include="includes\Lighting.h">
      <Filter>头文件</Filter>
    </ClInclude>
    <ClInclude Include="includes\Input.h">
      <Filter>头文件</Filter>
    </ClInclude>
    <ClInclude Include="includes\DXUT\Core\DXUTmisc.h">
      <Filter>头文件\DXUT\Core</Filter>
    </ClInclude>
    <ClInclude Include="includes\DXUT\Core\ScreenGrab.h">
      <Filter>头文件\DXUT\Core</Filter>
    </ClInclude>
    <ClInclude Include="includes\DXUT\Core\DXUT.h">
      <Filter>头文件\DXUT\Core</Filter>
    </ClInclude>
    <ClInclude Include="includes\DXUT\Core\dxerr.h">
      <Filter>头文件\DXUT\Core</Filter>
    </ClInclude>
    <ClInclude Include="includes\DXUT\Core\DXUTDevice11.h">
      <Filter>头文件\DXUT\Core</Filter>
    </ClInclude>
  </ItemGroup>
  <ItemGroup>
    <None Include="shaders\VertexLayoutCommon.hlsli">
      <Filter>资源文件</Filter>
    </None>
    <None Include="shaders\ConstantBufferCommon.hlsli">
      <Filter>资源文件</Filter>
    </None>
    <None Include="shaders\ConstantBufferCommon0.hlsli">
      <Filter>资源文件</Filter>
    </None>
    <None Include="shaders\Lighting.hlsli">
      <Filter>资源文件</Filter>
    </None>
  </ItemGroup>
</Project>